
Microsoft Visual Studio Solution File, Format Version 12.00
# Visual Studio 15
VisualStudioVersion = 15.0.28010.0
MinimumVisualStudioVersion = 10.0.40219.1
Project("{FAE04EC0-301F-11D3-BF4B-00C04F79EFBC}") = "Collections", "Collections\Collections.csproj", "{6EF337BA-B530-4AD8-B4CE-C7840695DF13}"
EndProject
Global
	GlobalSection(SolutionConfigurationPlatforms) = preSolution
		Debug|Any CPU = Debug|Any CPU
		Release|Any CPU = Release|Any CPU
	EndGlobalSection
	GlobalSection(ProjectConfigurationPlatforms) = postSolution
		{6EF337BA-B530-4AD8-B4CE-C7840695DF13}.Debug|Any CPU.ActiveCfg = Debug|Any CPU
		{6EF337BA-B530-4AD8-B4CE-C7840695DF13}.Debug|Any CPU.Build.0 = Debug|Any CPU
		{6EF337BA-B530-4AD8-B4CE-C7840695DF13}.Release|Any CPU.ActiveCfg = Release|Any CPU
		{6EF337BA-B530-4AD8-B4CE-C7840695DF13}.Release|Any CPU.Build.0 = Release|Any CPU
	EndGlobalSection
	GlobalSection(SolutionProperties) = preSolution
		HideSolutionNode = FALSE
	EndGlobalSection
	GlobalSection(ExtensibilityGlobals) = postSolution
		SolutionGuid = {A9C8A88E-3109-4244-AA40-B32095FBB6FD}
	EndGlobalSection
EndGlobal
